
Microsoft Visual Studio Solution File, Format Version 12.00
# Visual Studio Version 17
VisualStudioVersion = 17.5.33502.453
MinimumVisualStudioVersion = 10.0.40219.1
Project("{FAE04EC0-301F-11D3-BF4B-00C04F79EFBC}") = "Lucrarea Nr.3", "Lucrarea Nr.3\Lucrarea Nr.3.csproj", "{D4C35E67-A853-4095-98DE-30C256A88458}"
EndProject
Global
	GlobalSection(SolutionConfigurationPlatforms) = preSolution
		Debug|Any CPU = Debug|Any CPU
		Release|Any CPU = Release|Any CPU
	EndGlobalSection
	GlobalSection(ProjectConfigurationPlatforms) = postSolution
		{D4C35E67-A853-4095-98DE-30C256A88458}.Debug|Any CPU.ActiveCfg = Debug|Any CPU
		{D4C35E67-A853-4095-98DE-30C256A88458}.Debug|Any CPU.Build.0 = Debug|Any CPU
		{D4C35E67-A853-4095-98DE-30C256A88458}.Release|Any CPU.ActiveCfg = Release|Any CPU
		{D4C35E67-A853-4095-98DE-30C256A88458}.Release|Any CPU.Build.0 = Release|Any CPU
	EndGlobalSection
	GlobalSection(SolutionProperties) = preSolution
		HideSolutionNode = FALSE
	EndGlobalSection
	GlobalSection(ExtensibilityGlobals) = postSolution
		SolutionGuid = {E6D95897-0212-432A-9018-7019B80B3788}
	EndGlobalSection
EndGlobal
